
Microsoft Visual Studio Solution File, Format Version 12.00
# Visual Studio Version 17
VisualStudioVersion = 17.0.31903.59
MinimumVisualStudioVersion = 10.0.40219.1
Project("{FAE04EC0-301F-11D3-BF4B-00C04F79EFBC}") = "Set", "Set\Set.csproj", "{1D9457A9-681B-462B-B40B-3F744C6F1C5A}"
EndProject
Project("{FAE04EC0-301F-11D3-BF4B-00C04F79EFBC}") = "Set.Tests", "Set.Tests\Set.Tests.csproj", "{B69B25E5-5241-479A-861B-60E1A082CEF5}"
EndProject
Global
	GlobalSection(SolutionConfigurationPlatforms) = preSolution
		Debug|Any CPU = Debug|Any CPU
		Release|Any CPU = Release|Any CPU
	EndGlobalSection
	GlobalSection(SolutionProperties) = preSolution
		HideSolutionNode = FALSE
	EndGlobalSection
	GlobalSection(ProjectConfigurationPlatforms) = postSolution
		{1D9457A9-681B-462B-B40B-3F744C6F1C5A}.Debug|Any CPU.ActiveCfg = Debug|Any CPU
		{1D9457A9-681B-462B-B40B-3F744C6F1C5A}.Debug|Any CPU.Build.0 = Debug|Any CPU
		{1D9457A9-681B-462B-B40B-3F744C6F1C5A}.Release|Any CPU.ActiveCfg = Release|Any CPU
		{1D9457A9-681B-462B-B40B-3F744C6F1C5A}.Release|Any CPU.Build.0 = Release|Any CPU
		{B69B25E5-5241-479A-861B-60E1A082CEF5}.Debug|Any CPU.ActiveCfg = Debug|Any CPU
		{B69B25E5-5241-479A-861B-60E1A082CEF5}.Debug|Any CPU.Build.0 = Debug|Any CPU
		{B69B25E5-5241-479A-861B-60E1A082CEF5}.Release|Any CPU.ActiveCfg = Release|Any CPU
		{B69B25E5-5241-479A-861B-60E1A082CEF5}.Release|Any CPU.Build.0 = Release|Any CPU
	EndGlobalSection
EndGlobal
